// !$*UTF8*$!
{
	archiveVersion = 1;
	classes = {
	};
	objectVersion = 50;
	objects = {

/* Begin PBXBuildFile section */
		6D78AEE5245DE1990083CD13 /* AppDelegate.swift in Sources */ = {isa = PBXBuildFile; fileRef = 6D78AEE4245DE1990083CD13 /* AppDelegate.swift */; };
		6D78AEE7245DE1990083CD13 /* SceneDelegate.swift in Sources */ = {isa = PBXBuildFile; fileRef = 6D78AEE6245DE1990083CD13 /* SceneDelegate.swift */; };
		6D78AEEA245DE1990083CD13 /* HighRoller.xcdatamodeld in Sources */ = {isa = PBXBuildFile; fileRef = 6D78AEE8245DE1990083CD13 /* HighRoller.xcdatamodeld */; };
		6D78AEEC245DE1990083CD13 /* ContentView.swift in Sources */ = {isa = PBXBuildFile; fileRef = 6D78AEEB245DE1990083CD13 /* ContentView.swift */; };
		6D78AEEE245DE19A0083CD13 /* Assets.xcassets in Resources */ = {isa = PBXBuildFile; fileRef = 6D78AEED245DE19A0083CD13 /* Assets.xcassets */; };
		6D78AEF1245DE19A0083CD13 /* Preview Assets.xcassets in Resources */ = {isa = PBXBuildFile; fileRef = 6D78AEF0245DE19A0083CD13 /* Preview Assets.xcassets */; };
		6D78AEF4245DE19A0083CD13 /* LaunchScreen.storyboard in Resources */ = {isa = PBXBuildFile; fileRef = 6D78AEF2245DE19A0083CD13 /* LaunchScreen.storyboard */; };
		6D78AEFC245DE20E0083CD13 /* Dice.swift in Sources */ = {isa = PBXBuildFile; fileRef = 6D78AEFB245DE20E0083CD13 /* Dice.swift */; };
		6D78AEFE245E185F0083CD13 /* SettingsView.swift in Sources */ = {isa = PBXBuildFile; fileRef = 6D78AEFD245E185F0083CD13 /* SettingsView.swift */; };
/* End PBXBuildFile section */

/* Begin PBXFileReference section */
		6D78AEE1245DE1990083CD13 /* HighRoller.app */ = {isa = PBXFileReference; explicitFileType = wrapper.application; includeInIndex = 0; path = HighRoller.app; sourceTree = BUILT_PRODUCTS_DIR; };
		6D78AEE4245DE1990083CD13 /* AppDelegate.swift */ = {isa = PBXFileReference; lastKnownFileType = sourcecode.swift; path = AppDelegate.swift; sourceTree = "<group>"; };
		6D78AEE6245DE1990083CD13 /* SceneDelegate.swift */ = {isa = PBXFileReference; lastKnownFileType = sourcecode.swift; path = SceneDelegate.swift; sourceTree = "<group>"; };
		6D78AEE9245DE1990083CD13 /* HighRoller.xcdatamodel */ = {isa = PBXFileReference; lastKnownFileType = wrapper.xcdatamodel; path = HighRoller.xcdatamodel; sourceTree = "<group>"; };
		6D78AEEB245DE1990083CD13 /* ContentView.swift */ = {isa = PBXFileReference; lastKnownFileType = sourcecode.swift; path = ContentView.swift; sourceTree = "<group>"; };
		6D78AEED245DE19A0083CD13 /* Assets.xcassets */ = {isa = PBXFileReference; lastKnownFileType = folder.assetcatalog; path = Assets.xcassets; sourceTree = "<group>"; };
		6D78AEF0245DE19A0083CD13 /* Preview Assets.xcassets */ = {isa = PBXFileReference; lastKnownFileType = folder.assetcatalog; path = "Preview Assets.xcassets"; sourceTree = "<group>"; };
		6D78AEF3245DE19A0083CD13 /* Base */ = {isa = PBXFileReference; lastKnownFileType = file.storyboard; name = Base; path = Base.lproj/LaunchScreen.storyboard; sourceTree = "<group>"; };
		6D78AEF5245DE19A0083CD13 /* Info.plist */ = {isa = PBXFileReference; lastKnownFileType = text.plist.xml; path = Info.plist; sourceTree = "<group>"; };
		6D78AEFB245DE20E0083CD13 /* Dice.swift */ = {isa = PBXFileReference; lastKnownFileType = sourcecode.swift; path = Dice.swift; sourceTree = "<group>"; };
		6D78AEFD245E185F0083CD13 /* SettingsView.swift */ = {isa = PBXFileReference; lastKnownFileType = sourcecode.swift; path = SettingsView.swift; sourceTree = "<group>"; };
/* End PBXFileReference section */

/* Begin PBXFrameworksBuildPhase section */
		6D78AEDE245DE1990083CD13 /* Frameworks */ = {
			isa = PBXFrameworksBuildPhase;
			buildActionMask = 2147483647;
			files = (
			);
			runOnlyForDeploymentPostprocessing = 0;
		};
/* End PBXFrameworksBuildPhase section */

/* Begin PBXGroup section */
		6D78AED8245DE1990083CD13 = {
			isa = PBXGroup;
			children = (
				6D78AEE3245DE1990083CD13 /* HighRoller */,
				6D78AEE2245DE1990083CD13 /* Products */,
			);
			sourceTree = "<group>";
		};
		6D78AEE2245DE1990083CD13 /* Products */ = {
			isa = PBXGroup;
			children = (
				6D78AEE1245DE1990083CD13 /* HighRoller.app */,
			);
			name = Products;
			sourceTree = "<group>";
		};
		6D78AEE3245DE1990083CD13 /* HighRoller */ = {
			isa = PBXGroup;
			children = (
				6D78AEE4245DE1990083CD13 /* AppDelegate.swift */,
				6D78AEE6245DE1990083CD13 /* SceneDelegate.swift */,
				6D78AEFB245DE20E0083CD13 /* Dice.swift */,
				6D78AEEB245DE1990083CD13 /* ContentView.swift */,
				6D78AEFD245E185F0083CD13 /* SettingsView.swift */,
				6D78AEED245DE19A0083CD13 /* Assets.xcassets */,
				6D78AEF2245DE19A0083CD13 /* LaunchScreen.storyboard */,
				6D78AEF5245DE19A0083CD13 /* Info.plist */,
				6D78AEE8245DE1990083CD13 /* HighRoller.xcdatamodeld */,
				6D78AEEF245DE19A0083CD13 /* Preview Content */,
			);
			path = HighRoller;
			sourceTree = "<group>";
		};
		6D78AEEF245DE19A0083CD13 /* Preview Content */ = {
			isa = PBXGroup;
			children = (
				6D78AEF0245DE19A0083CD13 /* Preview Assets.xcassets */,
			);
			path = "Preview Content";
			sourceTree = "<group>";
		};
/* End PBXGroup section */

/* Begin PBXNativeTarget section */
		6D78AEE0245DE1990083CD13 /* HighRoller */ = {
			isa = PBXNativeTarget;
			buildConfigurationList = 6D78AEF8245DE19A0083CD13 /* Build configuration list for PBXNativeTarget "HighRoller" */;
			buildPhases = (
				6D78AEDD245DE1990083CD13 /* Sources */,
				6D78AEDE245DE1990083CD13 /* Frameworks */,
				6D78AEDF245DE1990083CD13 /* Resources */,
			);
			buildRules = (
			);
			dependencies = (
			);
			name = HighRoller;
			productName = HighRoller;
			productReference = 6D78AEE1245DE1990083CD13 /* HighRoller.app */;
			productType = "com.apple.product-type.application";
		};
/* End PBXNativeTarget section */

/* Begin PBXProject section */
		6D78AED9245DE1990083CD13 /* Project object */ = {
			isa = PBXProject;
			attributes = {
				LastSwiftUpdateCheck = 1140;
				LastUpgradeCheck = 1140;
				ORGANIZATIONNAME = "Jeffrey Williams";
				TargetAttributes = {
					6D78AEE0245DE1990083CD13 = {
						CreatedOnToolsVersion = 11.4.1;
					};
				};
			};
			buildConfigurationList = 6D78AEDC245DE1990083CD13 /* Build configuration list for PBXProject "HighRoller" */;
			compatibilityVersion = "Xcode 9.3";
			developmentRegion = en;
			hasScannedForEncodings = 0;
			knownRegions = (
				en,
				Base,
			);
			mainGroup = 6D78AED8245DE1990083CD13;
			productRefGroup = 6D78AEE2245DE1990083CD13 /* Products */;
			projectDirPath = "";
			projectRoot = "";
			targets = (
				6D78AEE0245DE1990083CD13 /* HighRoller */,
			);
		};
/* End PBXProject section */

/* Begin PBXResourcesBuildPhase section */
		6D78AEDF245DE1990083CD13 /* Resources */ = {
			isa = PBXResourcesBuildPhase;
			buildActionMask = 2147483647;
			files = (
				6D78AEF4245DE19A0083CD13 /* LaunchScreen.storyboard in Resources */,
				6D78AEF1245DE19A0083CD13 /* Preview Assets.xcassets in Resources */,
				6D78AEEE245DE19A0083CD13 /* Assets.xcassets in Resources */,
			);
			runOnlyForDeploymentPostprocessing = 0;
		};
/* End PBXResourcesBuildPhase section */

/* Begin PBXSourcesBuildPhase section */
		6D78AEDD245DE1990083CD13 /* Sources */ = {
			isa = PBXSourcesBuildPhase;
			buildActionMask = 2147483647;
			files = (
				6D78AEE5245DE1990083CD13 /* AppDelegate.swift in Sources */,
				6D78AEEA245DE1990083CD13 /* HighRoller.xcdatamodeld in Sources */,
				6D78AEFC245DE20E0083CD13 /* Dice.swift in Sources */,
				6D78AEFE245E185F0083CD13 /* SettingsView.swift in Sources */,
				6D78AEEC245DE1990083CD13 /* ContentView.swift in Sources */,
				6D78AEE7245DE1990083CD13 /* SceneDelegate.swift in Sources */,
			);
			runOnlyForDeploymentPostprocessing = 0;
		};
/* End PBXSourcesBuildPhase section */

/* Begin PBXVariantGroup section */
		6D78AEF2245DE19A0083CD13 /* LaunchScreen.storyboard */ = {
			isa = PBXVariantGroup;
			children = (
				6D78AEF3245DE19A0083CD13 /* Base */,
			);
			name = LaunchScreen.storyboard;
			sourceTree = "<group>";
		};
/* End PBXVariantGroup section */

/* Begin XCBuildConfiguration section */
		6D78AEF6245DE19A0083CD13 /* Debug */ = {
			isa = XCBuildConfiguration;
			buildSettings = {
				ALWAYS_SEARCH_USER_PATHS = NO;
				CLANG_ANALYZER_NONNULL = YES;
				CLANG_ANALYZER_NUMBER_OBJECT_CONVERSION = YES_AGGRESSIVE;
				CLANG_CXX_LANGUAGE_STANDARD = "gnu++14";
				CLANG_CXX_LIBRARY = "libc++";
				CLANG_ENABLE_MODULES = YES;
				CLANG_ENABLE_OBJC_ARC = YES;
				CLANG_ENABLE_OBJC_WEAK = YES;
				CLANG_WARN_BLOCK_CAPTURE_AUTORELEASING = YES;
				CLANG_WARN_BOOL_CONVERSION = YES;
				CLANG_WARN_COMMA = YES;
				CLANG_WARN_CONSTANT_CONVERSION = YES;
				CLANG_WARN_DEPRECATED_OBJC_IMPLEMENTATIONS = YES;
				CLANG_WARN_DIRECT_OBJC_ISA_USAGE = YES_ERROR;
				CLANG_WARN_DOCUMENTATION_COMMENTS = YES;
				CLANG_WARN_EMPTY_BODY = YES;
				CLANG_WARN_ENUM_CONVERSION = YES;
				CLANG_WARN_INFINITE_RECURSION = YES;
				CLANG_WARN_INT_CONVERSION = YES;
				CLANG_WARN_NON_LITERAL_NULL_CONVERSION = YES;
				CLANG_WARN_OBJC_IMPLICIT_RETAIN_SELF = YES;
				CLANG_WARN_OBJC_LITERAL_CONVERSION = YES;
				CLANG_WARN_OBJC_ROOT_CLASS = YES_ERROR;
				CLANG_WARN_RANGE_LOOP_ANALYSIS = YES;
				CLANG_WARN_STRICT_PROTOTYPES = YES;
				CLANG_WARN_SUSPICIOUS_MOVE = YES;
				CLANG_WARN_UNGUARDED_AVAILABILITY = YES_AGGRESSIVE;
				CLANG_WARN_UNREACHABLE_CODE = YES;
				CLANG_WARN__DUPLICATE_METHOD_MATCH = YES;
				COPY_PHASE_STRIP = NO;
				DEBUG_INFORMATION_FORMAT = dwarf;
				ENABLE_STRICT_OBJC_MSGSEND = YES;
				ENABLE_TESTABILITY = YES;
				GCC_C_LANGUAGE_STANDARD = gnu11;
				GCC_DYNAMIC_NO_PIC = NO;
				GCC_NO_COMMON_BLOCKS = YES;
				GCC_OPTIMIZATION_LEVEL = 0;
				GCC_PREPROCESSOR_DEFINITIONS = (
					"DEBUG=1",
					"$(inherited)",
				);
				GCC_WARN_64_TO_32_BIT_CONVERSION = YES;
				GCC_WARN_ABOUT_RETURN_TYPE = YES_ERROR;
				GCC_WARN_UNDECLARED_SELECTOR = YES;
				GCC_WARN_UNINITIALIZED_AUTOS = YES_AGGRESSIVE;
				GCC_WARN_UNUSED_FUNCTION = YES;
				GCC_WARN_UNUSED_VARIABLE = YES;
				IPHONEOS_DEPLOYMENT_TARGET = 13.4;
				MTL_ENABLE_DEBUG_INFO = INCLUDE_SOURCE;
				MTL_FAST_MATH = YES;
				ONLY_ACTIVE_ARCH = YES;
				SDKROOT = iphoneos;
				SWIFT_ACTIVE_COMPILATION_CONDITIONS = DEBUG;
				SWIFT_OPTIMIZATION_LEVEL = "-Onone";
			};
			name = Debug;
		};
		6D78AEF7245DE19A0083CD13 /* Release */ = {
			isa = XCBuildConfiguration;
			buildSettings = {
				ALWAYS_SEARCH_USER_PATHS = NO;
				CLANG_ANALYZER_NONNULL = YES;
				CLANG_ANALYZER_NUMBER_OBJECT_CONVERSION = YES_AGGRESSIVE;
				CLANG_CXX_LANGUAGE_STANDARD = "gnu++14";
				CLANG_CXX_LIBRARY = "libc++";
				CLANG_ENABLE_MODULES = YES;
				CLANG_ENABLE_OBJC_ARC = YES;
				CLANG_ENABLE_OBJC_WEAK = YES;
				CLANG_WARN_BLOCK_CAPTURE_AUTORELEASING = YES;
				CLANG_WARN_BOOL_CONVERSION = YES;
				CLANG_WARN_COMMA = YES;
				CLANG_WARN_CONSTANT_CONVERSION = YES;
				CLANG_WARN_DEPRECATED_OBJC_IMPLEMENTATIONS = YES;
				CLANG_WARN_DIRECT_OBJC_ISA_USAGE = YES_ERROR;
				CLANG_WARN_DOCUMENTATION_COMMENTS = YES;
				CLANG_WARN_EMPTY_BODY = YES;
				CLANG_WARN_ENUM_CONVERSION = YES;
				CLANG_WARN_INFINITE_RECURSION = YES;
				CLANG_WARN_INT_CONVERSION = YES;
				CLANG_WARN_NON_LITERAL_NULL_CONVERSION = YES;
				CLANG_WARN_OBJC_IMPLICIT_RETAIN_SELF = YES;
				CLANG_WARN_OBJC_LITERAL_CONVERSION = YES;
				CLANG_WARN_OBJC_ROOT_CLASS = YES_ERROR;
				CLANG_WARN_RANGE_LOOP_ANALYSIS = YES;
				CLANG_WARN_STRICT_PROTOTYPES = YES;
				CLANG_WARN_SUSPICIOUS_MOVE = YES;
				CLANG_WARN_UNGUARDED_AVAILABILITY = YES_AGGRESSIVE;
				CLANG_WARN_UNREACHABLE_CODE = YES;
				CLANG_WARN__DUPLICATE_METHOD_MATCH = YES;
				COPY_PHASE_STRIP = NO;
				DEBUG_INFORMATION_FORMAT = "dwarf-with-dsym";
				ENABLE_NS_ASSERTIONS = NO;
				ENABLE_STRICT_OBJC_MSGSEND = YES;
				GCC_C_LANGUAGE_STANDARD = gnu11;
				GCC_NO_COMMON_BLOCKS = YES;
				GCC_WARN_64_TO_32_BIT_CONVERSION = YES;
				GCC_WARN_ABOUT_RETURN_TYPE = YES_ERROR;
				GCC_WARN_UNDECLARED_SELECTOR = YES;
				GCC_WARN_UNINITIALIZED_AUTOS = YES_AGGRESSIVE;
				GCC_WARN_UNUSED_FUNCTION = YES;
				GCC_WARN_UNUSED_VARIABLE = YES;
				IPHONEOS_DEPLOYMENT_TARGET = 13.4;
				MTL_ENABLE_DEBUG_INFO = NO;
				MTL_FAST_MATH = YES;
				SDKROOT = iphoneos;
				SWIFT_COMPILATION_MODE = wholemodule;
				SWIFT_OPTIMIZATION_LEVEL = "-O";
				VALIDATE_PRODUCT = YES;
			};
			name = Release;
		};
		6D78AEF9245DE19A0083CD13 /* Debug */ = {
			isa = XCBuildConfiguration;
			buildSettings = {
				ASSETCATALOG_COMPILER_APPICON_NAME = AppIcon;
				CODE_SIGN_STYLE = Automatic;
				DEVELOPMENT_ASSET_PATHS = "\"HighRoller/Preview Content\"";
				DEVELOPMENT_TEAM = F4H6ETH9WE;
				ENABLE_PREVIEWS = YES;
				INFOPLIST_FILE = HighRoller/Info.plist;
				LD_RUNPATH_SEARCH_PATHS = (
					"$(inherited)",
					"@executable_path/Frameworks",
				);
				PRODUCT_BUNDLE_IDENTIFIER = net.verabyte.HighRoller;
				PRODUCT_NAME = "$(TARGET_NAME)";
				SWIFT_VERSION = 5.0;
				TARGETED_DEVICE_FAMILY = "1,2";
			};
			name = Debug;
		};
		6D78AEFA245DE19A0083CD13 /* Release */ = {
			isa = XCBuildConfiguration;
			buildSettings = {
				ASSETCATALOG_COMPILER_APPICON_NAME = AppIcon;
				CODE_SIGN_STYLE = Automatic;
				DEVELOPMENT_ASSET_PATHS = "\"HighRoller/Preview Content\"";
				DEVELOPMENT_TEAM = F4H6ETH9WE;
				ENABLE_PREVIEWS = YES;
				INFOPLIST_FILE = HighRoller/Info.plist;
				LD_RUNPATH_SEARCH_PATHS = (
					"$(inherited)",
					"@executable_path/Frameworks",
				);
				PRODUCT_BUNDLE_IDENTIFIER = net.verabyte.HighRoller;
				PRODUCT_NAME = "$(TARGET_NAME)";
				SWIFT_VERSION = 5.0;
				TARGETED_DEVICE_FAMILY = "1,2";
			};
			name = Release;
		};
/* End XCBuildConfiguration section */

/* Begin XCConfigurationList section */
		6D78AEDC245DE1990083CD13 /* Build configuration list for PBXProject "HighRoller" */ = {
			isa = XCConfigurationList;
			buildConfigurations = (
				6D78AEF6245DE19A0083CD13 /* Debug */,
				6D78AEF7245DE19A0083CD13 /* Release */,
			);
			defaultConfigurationIsVisible = 0;
			defaultConfigurationName = Release;
		};
		6D78AEF8245DE19A0083CD13 /* Build configuration list for PBXNativeTarget "HighRoller" */ = {
			isa = XCConfigurationList;
			buildConfigurations = (
				6D78AEF9245DE19A0083CD13 /* Debug */,
				6D78AEFA245DE19A0083CD13 /* Release */,
			);
			defaultConfigurationIsVisible = 0;
			defaultConfigurationName = Release;
		};
/* End XCConfigurationList section */

/* Begin XCVersionGroup section */
		6D78AEE8245DE1990083CD13 /* HighRoller.xcdatamodeld */ = {
			isa = XCVersionGroup;
			children = (
				6D78AEE9245DE1990083CD13 /* HighRoller.xcdatamodel */,
			);
			currentVersion = 6D78AEE9245DE1990083CD13 /* HighRoller.xcdatamodel */;
			path = HighRoller.xcdatamodeld;
			sourceTree = "<group>";
			versionGroupType = wrapper.xcdatamodel;
		};
/* End XCVersionGroup section */
	};
	rootObject = 6D78AED9245DE1990083CD13 /* Project object */;
}
